
Microsoft Visual Studio Solution File, Format Version 12.00
# Visual Studio Version 16
VisualStudioVersion = 16.0.30717.126
MinimumVisualStudioVersion = 10.0.40219.1
Project("{FAE04EC0-301F-11D3-BF4B-00C04F79EFBC}") = "Cayent.Core", "src\Cayent.Core\Cayent.Core.csproj", "{B6676876-2BB2-471E-8BC6-D61B77B610B8}"
EndProject
Global
	GlobalSection(SolutionConfigurationPlatforms) = preSolution
		Debug|Any CPU = Debug|Any CPU
		Release|Any CPU = Release|Any CPU
	EndGlobalSection
	GlobalSection(ProjectConfigurationPlatforms) = postSolution
		{B6676876-2BB2-471E-8BC6-D61B77B610B8}.Debug|Any CPU.ActiveCfg = Debug|Any CPU
		{B6676876-2BB2-471E-8BC6-D61B77B610B8}.Debug|Any CPU.Build.0 = Debug|Any CPU
		{B6676876-2BB2-471E-8BC6-D61B77B610B8}.Release|Any CPU.ActiveCfg = Release|Any CPU
		{B6676876-2BB2-471E-8BC6-D61B77B610B8}.Release|Any CPU.Build.0 = Release|Any CPU
	EndGlobalSection
	GlobalSection(SolutionProperties) = preSolution
		HideSolutionNode = FALSE
	EndGlobalSection
	GlobalSection(ExtensibilityGlobals) = postSolution
		SolutionGuid = {3DC31B78-CD6C-4D4A-90D1-60329CF375B8}
	EndGlobalSection
EndGlobal
