
Microsoft Visual Studio Solution File, Format Version 12.00
# Visual Studio Version 16
VisualStudioVersion = 16.0.30717.126
MinimumVisualStudioVersion = 10.0.40219.1
Project("{9A19103F-16F7-4668-BE54-9A1E7A4F7556}") = "Cayent.CQRS", "src\Cayent.CQRS\Cayent.CQRS.csproj", "{38FAB560-A15F-4144-BDA3-286EFFDFB899}"
EndProject
Project("{FAE04EC0-301F-11D3-BF4B-00C04F79EFBC}") = "Cayent.Data", "src\Cayent.Data\Cayent.Data.csproj", "{DF469D33-3040-4464-AF81-05D2F8BDAF0E}"
EndProject
Project("{FAE04EC0-301F-11D3-BF4B-00C04F79EFBC}") = "Cayent.Common", "src\Cayent.Common\Cayent.Common.csproj", "{7D00B06E-41BF-49D2-83A1-C74455F5CE9E}"
EndProject
Project("{FAE04EC0-301F-11D3-BF4B-00C04F79EFBC}") = "Cayent.BlazorApp.Server", "src\Cayent.BlazorApp\Server\Cayent.BlazorApp.Server.csproj", "{F00D741F-0C8C-442C-9B4F-DDDC4C693638}"
EndProject
Project("{FAE04EC0-301F-11D3-BF4B-00C04F79EFBC}") = "Cayent.BlazorApp.Client", "src\Cayent.BlazorApp\Client\Cayent.BlazorApp.Client.csproj", "{1D332D6B-3653-49ED-A709-92C7BEEDB1ED}"
EndProject
Project("{FAE04EC0-301F-11D3-BF4B-00C04F79EFBC}") = "Cayent.BlazorApp.Shared", "src\Cayent.BlazorApp\Shared\Cayent.BlazorApp.Shared.csproj", "{FB67FFF5-2CDB-4CFC-9713-65A13F47E81B}"
EndProject
Global
	GlobalSection(SolutionConfigurationPlatforms) = preSolution
		Debug|Any CPU = Debug|Any CPU
		Release|Any CPU = Release|Any CPU
	EndGlobalSection
	GlobalSection(ProjectConfigurationPlatforms) = postSolution
		{38FAB560-A15F-4144-BDA3-286EFFDFB899}.Debug|Any CPU.ActiveCfg = Debug|Any CPU
		{38FAB560-A15F-4144-BDA3-286EFFDFB899}.Debug|Any CPU.Build.0 = Debug|Any CPU
		{38FAB560-A15F-4144-BDA3-286EFFDFB899}.Release|Any CPU.ActiveCfg = Release|Any CPU
		{38FAB560-A15F-4144-BDA3-286EFFDFB899}.Release|Any CPU.Build.0 = Release|Any CPU
		{DF469D33-3040-4464-AF81-05D2F8BDAF0E}.Debug|Any CPU.ActiveCfg = Debug|Any CPU
		{DF469D33-3040-4464-AF81-05D2F8BDAF0E}.Debug|Any CPU.Build.0 = Debug|Any CPU
		{DF469D33-3040-4464-AF81-05D2F8BDAF0E}.Release|Any CPU.ActiveCfg = Release|Any CPU
		{DF469D33-3040-4464-AF81-05D2F8BDAF0E}.Release|Any CPU.Build.0 = Release|Any CPU
		{7D00B06E-41BF-49D2-83A1-C74455F5CE9E}.Debug|Any CPU.ActiveCfg = Debug|Any CPU
		{7D00B06E-41BF-49D2-83A1-C74455F5CE9E}.Debug|Any CPU.Build.0 = Debug|Any CPU
		{7D00B06E-41BF-49D2-83A1-C74455F5CE9E}.Release|Any CPU.ActiveCfg = Release|Any CPU
		{7D00B06E-41BF-49D2-83A1-C74455F5CE9E}.Release|Any CPU.Build.0 = Release|Any CPU
		{F00D741F-0C8C-442C-9B4F-DDDC4C693638}.Debug|Any CPU.ActiveCfg = Debug|Any CPU
		{F00D741F-0C8C-442C-9B4F-DDDC4C693638}.Debug|Any CPU.Build.0 = Debug|Any CPU
		{F00D741F-0C8C-442C-9B4F-DDDC4C693638}.Release|Any CPU.ActiveCfg = Release|Any CPU
		{F00D741F-0C8C-442C-9B4F-DDDC4C693638}.Release|Any CPU.Build.0 = Release|Any CPU
		{1D332D6B-3653-49ED-A709-92C7BEEDB1ED}.Debug|Any CPU.ActiveCfg = Debug|Any CPU
		{1D332D6B-3653-49ED-A709-92C7BEEDB1ED}.Debug|Any CPU.Build.0 = Debug|Any CPU
		{1D332D6B-3653-49ED-A709-92C7BEEDB1ED}.Release|Any CPU.ActiveCfg = Release|Any CPU
		{1D332D6B-3653-49ED-A709-92C7BEEDB1ED}.Release|Any CPU.Build.0 = Release|Any CPU
		{FB67FFF5-2CDB-4CFC-9713-65A13F47E81B}.Debug|Any CPU.ActiveCfg = Debug|Any CPU
		{FB67FFF5-2CDB-4CFC-9713-65A13F47E81B}.Debug|Any CPU.Build.0 = Debug|Any CPU
		{FB67FFF5-2CDB-4CFC-9713-65A13F47E81B}.Release|Any CPU.ActiveCfg = Release|Any CPU
		{FB67FFF5-2CDB-4CFC-9713-65A13F47E81B}.Release|Any CPU.Build.0 = Release|Any CPU
	EndGlobalSection
	GlobalSection(SolutionProperties) = preSolution
		HideSolutionNode = FALSE
	EndGlobalSection
	GlobalSection(ExtensibilityGlobals) = postSolution
		SolutionGuid = {3DC31B78-CD6C-4D4A-90D1-60329CF375B8}
	EndGlobalSection
EndGlobal
